
Microsoft Visual Studio Solution File, Format Version 12.00
# Visual Studio 15
VisualStudioVersion = 15.0.28307.705
MinimumVisualStudioVersion = 10.0.40219.1
Project("{FAE04EC0-301F-11D3-BF4B-00C04F79EFBC}") = "DeadRisingArcTool", "DeadRisingArcTool\DeadRisingArcTool.csproj", "{38869C5B-3F05-4C34-ADFC-80727013170A}"
EndProject
Project("{FAE04EC0-301F-11D3-BF4B-00C04F79EFBC}") = "IO", "IO\IO.csproj", "{13A4CE71-96C0-4553-B899-AF6C524FD3C9}"
EndProject
Project("{8BC9CEB8-8B4A-11D0-8D11-00A0C91BC942}") = "DRDebugger", "DRDebugger\DRDebugger.vcxproj", "{C14CC7F0-0A62-4987-98EE-34A844F196D9}"
EndProject
Project("{8BC9CEB8-8B4A-11D0-8D11-00A0C91BC942}") = "VanillaLua", "VanillaLua\VanillaLua.vcxproj", "{9836F007-8D3F-483F-B1EB-31F21221C774}"
EndProject
Global
	GlobalSection(SolutionConfigurationPlatforms) = preSolution
		Debug|Any CPU = Debug|Any CPU
		Debug|x64 = Debug|x64
		Debug|x86 = Debug|x86
		Release|Any CPU = Release|Any CPU
		Release|x64 = Release|x64
		Release|x86 = Release|x86
	EndGlobalSection
	GlobalSection(ProjectConfigurationPlatforms) = postSolution
		{38869C5B-3F05-4C34-ADFC-80727013170A}.Debug|Any CPU.ActiveCfg = Debug|Any CPU
		{38869C5B-3F05-4C34-ADFC-80727013170A}.Debug|Any CPU.Build.0 = Debug|Any CPU
		{38869C5B-3F05-4C34-ADFC-80727013170A}.Debug|x64.ActiveCfg = Debug|x64
		{38869C5B-3F05-4C34-ADFC-80727013170A}.Debug|x64.Build.0 = Debug|x64
		{38869C5B-3F05-4C34-ADFC-80727013170A}.Debug|x86.ActiveCfg = Debug|Any CPU
		{38869C5B-3F05-4C34-ADFC-80727013170A}.Debug|x86.Build.0 = Debug|Any CPU
		{38869C5B-3F05-4C34-ADFC-80727013170A}.Release|Any CPU.ActiveCfg = Release|Any CPU
		{38869C5B-3F05-4C34-ADFC-80727013170A}.Release|Any CPU.Build.0 = Release|Any CPU
		{38869C5B-3F05-4C34-ADFC-80727013170A}.Release|x64.ActiveCfg = Release|Any CPU
		{38869C5B-3F05-4C34-ADFC-80727013170A}.Release|x64.Build.0 = Release|Any CPU
		{38869C5B-3F05-4C34-ADFC-80727013170A}.Release|x86.ActiveCfg = Release|Any CPU
		{38869C5B-3F05-4C34-ADFC-80727013170A}.Release|x86.Build.0 = Release|Any CPU
		{13A4CE71-96C0-4553-B899-AF6C524FD3C9}.Debug|Any CPU.ActiveCfg = Debug|Any CPU
		{13A4CE71-96C0-4553-B899-AF6C524FD3C9}.Debug|Any CPU.Build.0 = Debug|Any CPU
		{13A4CE71-96C0-4553-B899-AF6C524FD3C9}.Debug|x64.ActiveCfg = Debug|x64
		{13A4CE71-96C0-4553-B899-AF6C524FD3C9}.Debug|x64.Build.0 = Debug|x64
		{13A4CE71-96C0-4553-B899-AF6C524FD3C9}.Debug|x86.ActiveCfg = Debug|x86
		{13A4CE71-96C0-4553-B899-AF6C524FD3C9}.Debug|x86.Build.0 = Debug|x86
		{13A4CE71-96C0-4553-B899-AF6C524FD3C9}.Release|Any CPU.ActiveCfg = Release|Any CPU
		{13A4CE71-96C0-4553-B899-AF6C524FD3C9}.Release|Any CPU.Build.0 = Release|Any CPU
		{13A4CE71-96C0-4553-B899-AF6C524FD3C9}.Release|x64.ActiveCfg = Release|x64
		{13A4CE71-96C0-4553-B899-AF6C524FD3C9}.Release|x64.Build.0 = Release|x64
		{13A4CE71-96C0-4553-B899-AF6C524FD3C9}.Release|x86.ActiveCfg = Release|x86
		{13A4CE71-96C0-4553-B899-AF6C524FD3C9}.Release|x86.Build.0 = Release|x86
		{C14CC7F0-0A62-4987-98EE-34A844F196D9}.Debug|Any CPU.ActiveCfg = Debug|x64
		{C14CC7F0-0A62-4987-98EE-34A844F196D9}.Debug|Any CPU.Build.0 = Debug|x64
		{C14CC7F0-0A62-4987-98EE-34A844F196D9}.Debug|x64.ActiveCfg = Debug|x64
		{C14CC7F0-0A62-4987-98EE-34A844F196D9}.Debug|x64.Build.0 = Debug|x64
		{C14CC7F0-0A62-4987-98EE-34A844F196D9}.Debug|x86.ActiveCfg = Debug|Win32
		{C14CC7F0-0A62-4987-98EE-34A844F196D9}.Debug|x86.Build.0 = Debug|Win32
		{C14CC7F0-0A62-4987-98EE-34A844F196D9}.Release|Any CPU.ActiveCfg = Release|Win32
		{C14CC7F0-0A62-4987-98EE-34A844F196D9}.Release|x64.ActiveCfg = Release|x64
		{C14CC7F0-0A62-4987-98EE-34A844F196D9}.Release|x64.Build.0 = Release|x64
		{C14CC7F0-0A62-4987-98EE-34A844F196D9}.Release|x86.ActiveCfg = Release|Win32
		{C14CC7F0-0A62-4987-98EE-34A844F196D9}.Release|x86.Build.0 = Release|Win32
		{9836F007-8D3F-483F-B1EB-31F21221C774}.Debug|Any CPU.ActiveCfg = Debug|x64
		{9836F007-8D3F-483F-B1EB-31F21221C774}.Debug|Any CPU.Build.0 = Debug|x64
		{9836F007-8D3F-483F-B1EB-31F21221C774}.Debug|x64.ActiveCfg = Debug|x64
		{9836F007-8D3F-483F-B1EB-31F21221C774}.Debug|x64.Build.0 = Debug|x64
		{9836F007-8D3F-483F-B1EB-31F21221C774}.Debug|x86.ActiveCfg = Debug|Win32
		{9836F007-8D3F-483F-B1EB-31F21221C774}.Debug|x86.Build.0 = Debug|Win32
		{9836F007-8D3F-483F-B1EB-31F21221C774}.Release|Any CPU.ActiveCfg = Release|Win32
		{9836F007-8D3F-483F-B1EB-31F21221C774}.Release|x64.ActiveCfg = Release|x64
		{9836F007-8D3F-483F-B1EB-31F21221C774}.Release|x64.Build.0 = Release|x64
		{9836F007-8D3F-483F-B1EB-31F21221C774}.Release|x86.ActiveCfg = Release|Win32
		{9836F007-8D3F-483F-B1EB-31F21221C774}.Release|x86.Build.0 = Release|Win32
	EndGlobalSection
	GlobalSection(SolutionProperties) = preSolution
		HideSolutionNode = FALSE
	EndGlobalSection
	GlobalSection(ExtensibilityGlobals) = postSolution
		SolutionGuid = {A09E37EF-451C-4F7A-819F-A92154E3C2C4}
	EndGlobalSection
EndGlobal
